
Microsoft Visual Studio Solution File, Format Version 12.00
# Visual Studio Version 17
VisualStudioVersion = 17.7.34202.233
MinimumVisualStudioVersion = 10.0.40219.1
Project("{FAE04EC0-301F-11D3-BF4B-00C04F79EFBC}") = "linked list - baglı liste", "linked list - baglı liste\linked list - baglı liste.csproj", "{7F790F4E-2CA7-4B28-B911-CEA7DCA0FDCC}"
EndProject
Global
	GlobalSection(SolutionConfigurationPlatforms) = preSolution
		Debug|Any CPU = Debug|Any CPU
		Release|Any CPU = Release|Any CPU
	EndGlobalSection
	GlobalSection(ProjectConfigurationPlatforms) = postSolution
		{7F790F4E-2CA7-4B28-B911-CEA7DCA0FDCC}.Debug|Any CPU.ActiveCfg = Debug|Any CPU
		{7F790F4E-2CA7-4B28-B911-CEA7DCA0FDCC}.Debug|Any CPU.Build.0 = Debug|Any CPU
		{7F790F4E-2CA7-4B28-B911-CEA7DCA0FDCC}.Release|Any CPU.ActiveCfg = Release|Any CPU
		{7F790F4E-2CA7-4B28-B911-CEA7DCA0FDCC}.Release|Any CPU.Build.0 = Release|Any CPU
	EndGlobalSection
	GlobalSection(SolutionProperties) = preSolution
		HideSolutionNode = FALSE
	EndGlobalSection
	GlobalSection(ExtensibilityGlobals) = postSolution
		SolutionGuid = {348B19E1-31B8-4993-9E83-066324006B1E}
	EndGlobalSection
EndGlobal
